// !$*UTF8*$!
{
	archiveVersion = 1;
	classes = {
	};
	objectVersion = 77;
	objects = {

/* Begin PBXBuildFile section */
		FDEFDDC52E7B53E700EDEDAE /* Auth in Frameworks */ = {isa = PBXBuildFile; productRef = FDEFDDC42E7B53E700EDEDAE /* Auth */; };
		FDEFDDC72E7BD68E00EDEDAE /* Supabase in Frameworks */ = {isa = PBXBuildFile; productRef = FDEFDDC62E7BD68E00EDEDAE /* Supabase */; };
		FDF136F72E7B4849002832BF /* Auth in Frameworks */ = {isa = PBXBuildFile; productRef = FDF136F62E7B4849002832BF /* Auth */; };
		FDF136F92E7B4849002832BF /* Functions in Frameworks */ = {isa = PBXBuildFile; productRef = FDF136F82E7B4849002832BF /* Functions */; };
		FDF136FB2E7B4849002832BF /* PostgREST in Frameworks */ = {isa = PBXBuildFile; productRef = FDF136FA2E7B4849002832BF /* PostgREST */; };
		FDF136FD2E7B4849002832BF /* Realtime in Frameworks */ = {isa = PBXBuildFile; productRef = FDF136FC2E7B4849002832BF /* Realtime */; };
		FDF136FF2E7B4849002832BF /* Storage in Frameworks */ = {isa = PBXBuildFile; productRef = FDF136FE2E7B4849002832BF /* Storage */; };
/* End PBXBuildFile section */

/* Begin PBXContainerItemProxy section */
		FDF136D92E7B471A002832BF /* PBXContainerItemProxy */ = {
			isa = PBXContainerItemProxy;
			containerPortal = FDF136C32E7B4718002832BF /* Project object */;
			proxyType = 1;
			remoteGlobalIDString = FDF136CA2E7B4718002832BF;
			remoteInfo = InvoiceAmericano;
		};
		FDF136E32E7B471A002832BF /* PBXContainerItemProxy */ = {
			isa = PBXContainerItemProxy;
			containerPortal = FDF136C32E7B4718002832BF /* Project object */;
			proxyType = 1;
			remoteGlobalIDString = FDF136CA2E7B4718002832BF;
			remoteInfo = InvoiceAmericano;
		};
/* End PBXContainerItemProxy section */

/* Begin PBXFileReference section */
		FDF136CB2E7B4718002832BF /* InvoiceAmericano.app */ = {isa = PBXFileReference; explicitFileType = wrapper.application; includeInIndex = 0; path = InvoiceAmericano.app; sourceTree = BUILT_PRODUCTS_DIR; };
		FDF136D82E7B471A002832BF /* InvoiceAmericanoTests.xctest */ = {isa = PBXFileReference; explicitFileType = wrapper.cfbundle; includeInIndex = 0; path = InvoiceAmericanoTests.xctest; sourceTree = BUILT_PRODUCTS_DIR; };
		FDF136E22E7B471A002832BF /* InvoiceAmericanoUITests.xctest */ = {isa = PBXFileReference; explicitFileType = wrapper.cfbundle; includeInIndex = 0; path = InvoiceAmericanoUITests.xctest; sourceTree = BUILT_PRODUCTS_DIR; };
		FDF137042E7B4F14002832BF /* InvoiceAmericano.xcodeproj */ = {isa = PBXFileReference; lastKnownFileType = "wrapper.pb-project"; path = InvoiceAmericano.xcodeproj; sourceTree = SOURCE_ROOT; };
/* End PBXFileReference section */

/* Begin PBXFileSystemSynchronizedRootGroup section */
		FDF136CD2E7B4718002832BF /* InvoiceAmericano */ = {
			isa = PBXFileSystemSynchronizedRootGroup;
			path = InvoiceAmericano;
			sourceTree = "<group>";
		};
		FDF136DB2E7B471A002832BF /* InvoiceAmericanoTests */ = {
			isa = PBXFileSystemSynchronizedRootGroup;
			path = InvoiceAmericanoTests;
			sourceTree = "<group>";
		};
		FDF136E52E7B471A002832BF /* InvoiceAmericanoUITests */ = {
			isa = PBXFileSystemSynchronizedRootGroup;
			path = InvoiceAmericanoUITests;
			sourceTree = "<group>";
		};
/* End PBXFileSystemSynchronizedRootGroup section */

/* Begin PBXFrameworksBuildPhase section */
		FDF136C82E7B4718002832BF /* Frameworks */ = {
			isa = PBXFrameworksBuildPhase;
			buildActionMask = 2147483647;
			files = (
				FDF136FB2E7B4849002832BF /* PostgREST in Frameworks */,
				FDF136F92E7B4849002832BF /* Functions in Frameworks */,
				FDEFDDC72E7BD68E00EDEDAE /* Supabase in Frameworks */,
				FDF136F72E7B4849002832BF /* Auth in Frameworks */,
				FDF136FF2E7B4849002832BF /* Storage in Frameworks */,
				FDF136FD2E7B4849002832BF /* Realtime in Frameworks */,
			);
			runOnlyForDeploymentPostprocessing = 0;
		};
		FDF136D52E7B471A002832BF /* Frameworks */ = {
			isa = PBXFrameworksBuildPhase;
			buildActionMask = 2147483647;
			files = (
				FDEFDDC52E7B53E700EDEDAE /* Auth in Frameworks */,
			);
			runOnlyForDeploymentPostprocessing = 0;
		};
		FDF136DF2E7B471A002832BF /* Frameworks */ = {
			isa = PBXFrameworksBuildPhase;
			buildActionMask = 2147483647;
			files = (
			);
			runOnlyForDeploymentPostprocessing = 0;
		};
/* End PBXFrameworksBuildPhase section */

/* Begin PBXGroup section */
		FDEFDDAC2E7B4F7B00EDEDAE /* Products */ = {
			isa = PBXGroup;
			name = Products;
			sourceTree = "<group>";
		};
		FDF136C22E7B4718002832BF = {
			isa = PBXGroup;
			children = (
				FDF137042E7B4F14002832BF /* InvoiceAmericano.xcodeproj */,
				FDF136CD2E7B4718002832BF /* InvoiceAmericano */,
				FDF136DB2E7B471A002832BF /* InvoiceAmericanoTests */,
				FDF136E52E7B471A002832BF /* InvoiceAmericanoUITests */,
				FDF136CC2E7B4718002832BF /* Products */,
			);
			sourceTree = "<group>";
		};
		FDF136CC2E7B4718002832BF /* Products */ = {
			isa = PBXGroup;
			children = (
				FDF136CB2E7B4718002832BF /* InvoiceAmericano.app */,
				FDF136D82E7B471A002832BF /* InvoiceAmericanoTests.xctest */,
				FDF136E22E7B471A002832BF /* InvoiceAmericanoUITests.xctest */,
			);
			name = Products;
			sourceTree = "<group>";
		};
/* End PBXGroup section */

/* Begin PBXNativeTarget section */
		FDF136CA2E7B4718002832BF /* InvoiceAmericano */ = {
			isa = PBXNativeTarget;
			buildConfigurationList = FDF136EC2E7B471A002832BF /* Build configuration list for PBXNativeTarget "InvoiceAmericano" */;
			buildPhases = (
				FDF136C72E7B4718002832BF /* Sources */,
				FDF136C82E7B4718002832BF /* Frameworks */,
				FDF136C92E7B4718002832BF /* Resources */,
			);
			buildRules = (
			);
			dependencies = (
			);
			fileSystemSynchronizedGroups = (
				FDF136CD2E7B4718002832BF /* InvoiceAmericano */,
			);
			name = InvoiceAmericano;
			packageProductDependencies = (
				FDF136F62E7B4849002832BF /* Auth */,
				FDF136F82E7B4849002832BF /* Functions */,
				FDF136FA2E7B4849002832BF /* PostgREST */,
				FDF136FC2E7B4849002832BF /* Realtime */,
				FDF136FE2E7B4849002832BF /* Storage */,
				FDEFDDC62E7BD68E00EDEDAE /* Supabase */,
			);
			productName = InvoiceAmericano;
			productReference = FDF136CB2E7B4718002832BF /* InvoiceAmericano.app */;
			productType = "com.apple.product-type.application";
		};
		FDF136D72E7B471A002832BF /* InvoiceAmericanoTests */ = {
			isa = PBXNativeTarget;
			buildConfigurationList = FDF136EF2E7B471A002832BF /* Build configuration list for PBXNativeTarget "InvoiceAmericanoTests" */;
			buildPhases = (
				FDF136D42E7B471A002832BF /* Sources */,
				FDF136D52E7B471A002832BF /* Frameworks */,
				FDF136D62E7B471A002832BF /* Resources */,
			);
			buildRules = (
			);
			dependencies = (
				FDF136DA2E7B471A002832BF /* PBXTargetDependency */,
			);
			fileSystemSynchronizedGroups = (
				FDF136DB2E7B471A002832BF /* InvoiceAmericanoTests */,
			);
			name = InvoiceAmericanoTests;
			packageProductDependencies = (
				FDEFDDC42E7B53E700EDEDAE /* Auth */,
			);
			productName = InvoiceAmericanoTests;
			productReference = FDF136D82E7B471A002832BF /* InvoiceAmericanoTests.xctest */;
			productType = "com.apple.product-type.bundle.unit-test";
		};
		FDF136E12E7B471A002832BF /* InvoiceAmericanoUITests */ = {
			isa = PBXNativeTarget;
			buildConfigurationList = FDF136F22E7B471A002832BF /* Build configuration list for PBXNativeTarget "InvoiceAmericanoUITests" */;
			buildPhases = (
				FDF136DE2E7B471A002832BF /* Sources */,
				FDF136DF2E7B471A002832BF /* Frameworks */,
				FDF136E02E7B471A002832BF /* Resources */,
			);
			buildRules = (
			);
			dependencies = (
				FDF136E42E7B471A002832BF /* PBXTargetDependency */,
			);
			fileSystemSynchronizedGroups = (
				FDF136E52E7B471A002832BF /* InvoiceAmericanoUITests */,
			);
			name = InvoiceAmericanoUITests;
			packageProductDependencies = (
			);
			productName = InvoiceAmericanoUITests;
			productReference = FDF136E22E7B471A002832BF /* InvoiceAmericanoUITests.xctest */;
			productType = "com.apple.product-type.bundle.ui-testing";
		};
/* End PBXNativeTarget section */

/* Begin PBXProject section */
		FDF136C32E7B4718002832BF /* Project object */ = {
			isa = PBXProject;
			attributes = {
				BuildIndependentTargetsInParallel = 1;
				LastSwiftUpdateCheck = 2600;
				LastUpgradeCheck = 2600;
				TargetAttributes = {
					FDF136CA2E7B4718002832BF = {
						CreatedOnToolsVersion = 26.0;
					};
					FDF136D72E7B471A002832BF = {
						CreatedOnToolsVersion = 26.0;
						TestTargetID = FDF136CA2E7B4718002832BF;
					};
					FDF136E12E7B471A002832BF = {
						CreatedOnToolsVersion = 26.0;
						TestTargetID = FDF136CA2E7B4718002832BF;
					};
				};
			};
			buildConfigurationList = FDF136C62E7B4718002832BF /* Build configuration list for PBXProject "InvoiceAmericano" */;
			developmentRegion = en;
			hasScannedForEncodings = 0;
			knownRegions = (
				en,
				Base,
			);
			mainGroup = FDF136C22E7B4718002832BF;
			minimizedProjectReferenceProxies = 1;
			packageReferences = (
				FDF136F52E7B4849002832BF /* XCRemoteSwiftPackageReference "supabase-swift" */,
			);
			preferredProjectObjectVersion = 77;
			productRefGroup = FDF136CC2E7B4718002832BF /* Products */;
			projectDirPath = "";
			projectReferences = (
				{
					ProductGroup = FDEFDDAC2E7B4F7B00EDEDAE /* Products */;
					ProjectRef = FDF137042E7B4F14002832BF /* InvoiceAmericano.xcodeproj */;
				},
			);
			projectRoot = "";
			targets = (
				FDF136CA2E7B4718002832BF /* InvoiceAmericano */,
				FDF136D72E7B471A002832BF /* InvoiceAmericanoTests */,
				FDF136E12E7B471A002832BF /* InvoiceAmericanoUITests */,
			);
		};
/* End PBXProject section */

/* Begin PBXResourcesBuildPhase section */
		FDF136C92E7B4718002832BF /* Resources */ = {
			isa = PBXResourcesBuildPhase;
			buildActionMask = 2147483647;
			files = (
			);
			runOnlyForDeploymentPostprocessing = 0;
		};
		FDF136D62E7B471A002832BF /* Resources */ = {
			isa = PBXResourcesBuildPhase;
			buildActionMask = 2147483647;
			files = (
			);
			runOnlyForDeploymentPostprocessing = 0;
		};
		FDF136E02E7B471A002832BF /* Resources */ = {
			isa = PBXResourcesBuildPhase;
			buildActionMask = 2147483647;
			files = (
			);
			runOnlyForDeploymentPostprocessing = 0;
		};
/* End PBXResourcesBuildPhase section */

/* Begin PBXSourcesBuildPhase section */
		FDF136C72E7B4718002832BF /* Sources */ = {
			isa = PBXSourcesBuildPhase;
			buildActionMask = 2147483647;
			files = (
			);
			runOnlyForDeploymentPostprocessing = 0;
		};
		FDF136D42E7B471A002832BF /* Sources */ = {
			isa = PBXSourcesBuildPhase;
			buildActionMask = 2147483647;
			files = (
			);
			runOnlyForDeploymentPostprocessing = 0;
		};
		FDF136DE2E7B471A002832BF /* Sources */ = {
			isa = PBXSourcesBuildPhase;
			buildActionMask = 2147483647;
			files = (
			);
			runOnlyForDeploymentPostprocessing = 0;
		};
/* End PBXSourcesBuildPhase section */

/* Begin PBXTargetDependency section */
		FDF136DA2E7B471A002832BF /* PBXTargetDependency */ = {
			isa = PBXTargetDependency;
			target = FDF136CA2E7B4718002832BF /* InvoiceAmericano */;
			targetProxy = FDF136D92E7B471A002832BF /* PBXContainerItemProxy */;
		};
		FDF136E42E7B471A002832BF /* PBXTargetDependency */ = {
			isa = PBXTargetDependency;
			target = FDF136CA2E7B4718002832BF /* InvoiceAmericano */;
			targetProxy = FDF136E32E7B471A002832BF /* PBXContainerItemProxy */;
		};
/* End PBXTargetDependency section */

/* Begin XCBuildConfiguration section */
		FDF136EA2E7B471A002832BF /* Debug */ = {
			isa = XCBuildConfiguration;
			buildSettings = {
				ALWAYS_SEARCH_USER_PATHS = NO;
				ASSETCATALOG_COMPILER_GENERATE_SWIFT_ASSET_SYMBOL_EXTENSIONS = YES;
				CLANG_ANALYZER_NONNULL = YES;
				CLANG_ANALYZER_NUMBER_OBJECT_CONVERSION = YES_AGGRESSIVE;
				CLANG_CXX_LANGUAGE_STANDARD = "gnu++20";
				CLANG_ENABLE_MODULES = YES;
				CLANG_ENABLE_OBJC_ARC = YES;
				CLANG_ENABLE_OBJC_WEAK = YES;
				CLANG_WARN_BLOCK_CAPTURE_AUTORELEASING = YES;
				CLANG_WARN_BOOL_CONVERSION = YES;
				CLANG_WARN_COMMA = YES;
				CLANG_WARN_CONSTANT_CONVERSION = YES;
				CLANG_WARN_DEPRECATED_OBJC_IMPLEMENTATIONS = YES;
				CLANG_WARN_DIRECT_OBJC_ISA_USAGE = YES_ERROR;
				CLANG_WARN_DOCUMENTATION_COMMENTS = YES;
				CLANG_WARN_EMPTY_BODY = YES;
				CLANG_WARN_ENUM_CONVERSION = YES;
				CLANG_WARN_INFINITE_RECURSION = YES;
				CLANG_WARN_INT_CONVERSION = YES;
				CLANG_WARN_NON_LITERAL_NULL_CONVERSION = YES;
				CLANG_WARN_OBJC_IMPLICIT_RETAIN_SELF = YES;
				CLANG_WARN_OBJC_LITERAL_CONVERSION = YES;
				CLANG_WARN_OBJC_ROOT_CLASS = YES_ERROR;
				CLANG_WARN_QUOTED_INCLUDE_IN_FRAMEWORK_HEADER = YES;
				CLANG_WARN_RANGE_LOOP_ANALYSIS = YES;
				CLANG_WARN_STRICT_PROTOTYPES = YES;
				CLANG_WARN_SUSPICIOUS_MOVE = YES;
				CLANG_WARN_UNGUARDED_AVAILABILITY = YES_AGGRESSIVE;
				CLANG_WARN_UNREACHABLE_CODE = YES;
				CLANG_WARN__DUPLICATE_METHOD_MATCH = YES;
				COPY_PHASE_STRIP = NO;
				DEBUG_INFORMATION_FORMAT = dwarf;
				DEVELOPMENT_TEAM = Z35YVHVWJ4;
				ENABLE_STRICT_OBJC_MSGSEND = YES;
				ENABLE_TESTABILITY = YES;
				ENABLE_USER_SCRIPT_SANDBOXING = YES;
				GCC_C_LANGUAGE_STANDARD = gnu17;
				GCC_DYNAMIC_NO_PIC = NO;
				GCC_NO_COMMON_BLOCKS = YES;
				GCC_OPTIMIZATION_LEVEL = 0;
				GCC_PREPROCESSOR_DEFINITIONS = (
					"DEBUG=1",
					"$(inherited)",
				);
				GCC_WARN_64_TO_32_BIT_CONVERSION = YES;
				GCC_WARN_ABOUT_RETURN_TYPE = YES_ERROR;
				GCC_WARN_UNDECLARED_SELECTOR = YES;
				GCC_WARN_UNINITIALIZED_AUTOS = YES_AGGRESSIVE;
				GCC_WARN_UNUSED_FUNCTION = YES;
				GCC_WARN_UNUSED_VARIABLE = YES;
				IPHONEOS_DEPLOYMENT_TARGET = 26.0;
				LOCALIZATION_PREFERS_STRING_CATALOGS = YES;
				MTL_ENABLE_DEBUG_INFO = INCLUDE_SOURCE;
				MTL_FAST_MATH = YES;
				ONLY_ACTIVE_ARCH = YES;
				SDKROOT = iphoneos;
				SWIFT_ACTIVE_COMPILATION_CONDITIONS = "DEBUG $(inherited)";
				SWIFT_OPTIMIZATION_LEVEL = "-Onone";
			};
			name = Debug;
		};
		FDF136EB2E7B471A002832BF /* Release */ = {
			isa = XCBuildConfiguration;
			buildSettings = {
				ALWAYS_SEARCH_USER_PATHS = NO;
				ASSETCATALOG_COMPILER_GENERATE_SWIFT_ASSET_SYMBOL_EXTENSIONS = YES;
				CLANG_ANALYZER_NONNULL = YES;
				CLANG_ANALYZER_NUMBER_OBJECT_CONVERSION = YES_AGGRESSIVE;
				CLANG_CXX_LANGUAGE_STANDARD = "gnu++20";
				CLANG_ENABLE_MODULES = YES;
				CLANG_ENABLE_OBJC_ARC = YES;
				CLANG_ENABLE_OBJC_WEAK = YES;
				CLANG_WARN_BLOCK_CAPTURE_AUTORELEASING = YES;
				CLANG_WARN_BOOL_CONVERSION = YES;
				CLANG_WARN_COMMA = YES;
				CLANG_WARN_CONSTANT_CONVERSION = YES;
				CLANG_WARN_DEPRECATED_OBJC_IMPLEMENTATIONS = YES;
				CLANG_WARN_DIRECT_OBJC_ISA_USAGE = YES_ERROR;
				CLANG_WARN_DOCUMENTATION_COMMENTS = YES;
				CLANG_WARN_EMPTY_BODY = YES;
				CLANG_WARN_ENUM_CONVERSION = YES;
				CLANG_WARN_INFINITE_RECURSION = YES;
				CLANG_WARN_INT_CONVERSION = YES;
				CLANG_WARN_NON_LITERAL_NULL_CONVERSION = YES;
				CLANG_WARN_OBJC_IMPLICIT_RETAIN_SELF = YES;
				CLANG_WARN_OBJC_LITERAL_CONVERSION = YES;
				CLANG_WARN_OBJC_ROOT_CLASS = YES_ERROR;
				CLANG_WARN_QUOTED_INCLUDE_IN_FRAMEWORK_HEADER = YES;
				CLANG_WARN_RANGE_LOOP_ANALYSIS = YES;
				CLANG_WARN_STRICT_PROTOTYPES = YES;
				CLANG_WARN_SUSPICIOUS_MOVE = YES;
				CLANG_WARN_UNGUARDED_AVAILABILITY = YES_AGGRESSIVE;
				CLANG_WARN_UNREACHABLE_CODE = YES;
				CLANG_WARN__DUPLICATE_METHOD_MATCH = YES;
				COPY_PHASE_STRIP = NO;
				DEBUG_INFORMATION_FORMAT = "dwarf-with-dsym";
				DEVELOPMENT_TEAM = Z35YVHVWJ4;
				ENABLE_NS_ASSERTIONS = NO;
				ENABLE_STRICT_OBJC_MSGSEND = YES;
				ENABLE_USER_SCRIPT_SANDBOXING = YES;
				GCC_C_LANGUAGE_STANDARD = gnu17;
				GCC_NO_COMMON_BLOCKS = YES;
				GCC_WARN_64_TO_32_BIT_CONVERSION = YES;
				GCC_WARN_ABOUT_RETURN_TYPE = YES_ERROR;
				GCC_WARN_UNDECLARED_SELECTOR = YES;
				GCC_WARN_UNINITIALIZED_AUTOS = YES_AGGRESSIVE;
				GCC_WARN_UNUSED_FUNCTION = YES;
				GCC_WARN_UNUSED_VARIABLE = YES;
				IPHONEOS_DEPLOYMENT_TARGET = 26.0;
				LOCALIZATION_PREFERS_STRING_CATALOGS = YES;
				MTL_ENABLE_DEBUG_INFO = NO;
				MTL_FAST_MATH = YES;
				SDKROOT = iphoneos;
				SWIFT_COMPILATION_MODE = wholemodule;
				VALIDATE_PRODUCT = YES;
			};
			name = Release;
		};
		FDF136ED2E7B471A002832BF /* Debug */ = {
			isa = XCBuildConfiguration;
			buildSettings = {
				ASSETCATALOG_COMPILER_APPICON_NAME = AppIcon;
				ASSETCATALOG_COMPILER_GLOBAL_ACCENT_COLOR_NAME = AccentColor;
				CODE_SIGN_STYLE = Automatic;
				CURRENT_PROJECT_VERSION = 1;
				DEVELOPMENT_TEAM = Z35YVHVWJ4;
				ENABLE_PREVIEWS = YES;
				GENERATE_INFOPLIST_FILE = YES;
				INFOPLIST_KEY_UIApplicationSceneManifest_Generation = YES;
				INFOPLIST_KEY_UIApplicationSupportsIndirectInputEvents = YES;
				INFOPLIST_KEY_UILaunchScreen_Generation = YES;
				INFOPLIST_KEY_UISupportedInterfaceOrientations_iPad = "UIInterfaceOrientationPortrait UIInterfaceOrientationPortraitUpsideDown UIInterfaceOrientationLandscapeLeft UIInterfaceOrientationLandscapeRight";
				INFOPLIST_KEY_UISupportedInterfaceOrientations_iPhone = "UIInterfaceOrientationPortrait UIInterfaceOrientationLandscapeLeft UIInterfaceOrientationLandscapeRight";
				LD_RUNPATH_SEARCH_PATHS = (
					"$(inherited)",
					"@executable_path/Frameworks",
				);
				MARKETING_VERSION = 1.0;
				PRODUCT_BUNDLE_IDENTIFIER = com.resynctech.InvoiceAmericano;
				PRODUCT_NAME = "$(TARGET_NAME)";
				STRING_CATALOG_GENERATE_SYMBOLS = YES;
				SWIFT_APPROACHABLE_CONCURRENCY = YES;
				SWIFT_DEFAULT_ACTOR_ISOLATION = MainActor;
				SWIFT_EMIT_LOC_STRINGS = YES;
				SWIFT_UPCOMING_FEATURE_MEMBER_IMPORT_VISIBILITY = YES;
				SWIFT_VERSION = 5.0;
				TARGETED_DEVICE_FAMILY = "1,2";
			};
			name = Debug;
		};
		FDF136EE2E7B471A002832BF /* Release */ = {
			isa = XCBuildConfiguration;
			buildSettings = {
				ASSETCATALOG_COMPILER_APPICON_NAME = AppIcon;
				ASSETCATALOG_COMPILER_GLOBAL_ACCENT_COLOR_NAME = AccentColor;
				CODE_SIGN_STYLE = Automatic;
				CURRENT_PROJECT_VERSION = 1;
				DEVELOPMENT_TEAM = Z35YVHVWJ4;
				ENABLE_PREVIEWS = YES;
				GENERATE_INFOPLIST_FILE = YES;
				INFOPLIST_KEY_UIApplicationSceneManifest_Generation = YES;
				INFOPLIST_KEY_UIApplicationSupportsIndirectInputEvents = YES;
				INFOPLIST_KEY_UILaunchScreen_Generation = YES;
				INFOPLIST_KEY_UISupportedInterfaceOrientations_iPad = "UIInterfaceOrientationPortrait UIInterfaceOrientationPortraitUpsideDown UIInterfaceOrientationLandscapeLeft UIInterfaceOrientationLandscapeRight";
				INFOPLIST_KEY_UISupportedInterfaceOrientations_iPhone = "UIInterfaceOrientationPortrait UIInterfaceOrientationLandscapeLeft UIInterfaceOrientationLandscapeRight";
				LD_RUNPATH_SEARCH_PATHS = (
					"$(inherited)",
					"@executable_path/Frameworks",
				);
				MARKETING_VERSION = 1.0;
				PRODUCT_BUNDLE_IDENTIFIER = com.resynctech.InvoiceAmericano;
				PRODUCT_NAME = "$(TARGET_NAME)";
				STRING_CATALOG_GENERATE_SYMBOLS = YES;
				SWIFT_APPROACHABLE_CONCURRENCY = YES;
				SWIFT_DEFAULT_ACTOR_ISOLATION = MainActor;
				SWIFT_EMIT_LOC_STRINGS = YES;
				SWIFT_UPCOMING_FEATURE_MEMBER_IMPORT_VISIBILITY = YES;
				SWIFT_VERSION = 5.0;
				TARGETED_DEVICE_FAMILY = "1,2";
			};
			name = Release;
		};
		FDF136F02E7B471A002832BF /* Debug */ = {
			isa = XCBuildConfiguration;
			buildSettings = {
				BUNDLE_LOADER = "$(TEST_HOST)";
				CODE_SIGN_STYLE = Automatic;
				CURRENT_PROJECT_VERSION = 1;
				DEVELOPMENT_TEAM = Z35YVHVWJ4;
				GENERATE_INFOPLIST_FILE = YES;
				IPHONEOS_DEPLOYMENT_TARGET = 26.0;
				MARKETING_VERSION = 1.0;
				PRODUCT_BUNDLE_IDENTIFIER = com.resynctech.InvoiceAmericanoTests;
				PRODUCT_NAME = "$(TARGET_NAME)";
				STRING_CATALOG_GENERATE_SYMBOLS = NO;
				SWIFT_APPROACHABLE_CONCURRENCY = YES;
				SWIFT_EMIT_LOC_STRINGS = NO;
				SWIFT_UPCOMING_FEATURE_MEMBER_IMPORT_VISIBILITY = YES;
				SWIFT_VERSION = 5.0;
				TARGETED_DEVICE_FAMILY = "1,2";
				TEST_HOST = "$(BUILT_PRODUCTS_DIR)/InvoiceAmericano.app/$(BUNDLE_EXECUTABLE_FOLDER_PATH)/InvoiceAmericano";
			};
			name = Debug;
		};
		FDF136F12E7B471A002832BF /* Release */ = {
			isa = XCBuildConfiguration;
			buildSettings = {
				BUNDLE_LOADER = "$(TEST_HOST)";
				CODE_SIGN_STYLE = Automatic;
				CURRENT_PROJECT_VERSION = 1;
				DEVELOPMENT_TEAM = Z35YVHVWJ4;
				GENERATE_INFOPLIST_FILE = YES;
				IPHONEOS_DEPLOYMENT_TARGET = 26.0;
				MARKETING_VERSION = 1.0;
				PRODUCT_BUNDLE_IDENTIFIER = com.resynctech.InvoiceAmericanoTests;
				PRODUCT_NAME = "$(TARGET_NAME)";
				STRING_CATALOG_GENERATE_SYMBOLS = NO;
				SWIFT_APPROACHABLE_CONCURRENCY = YES;
				SWIFT_EMIT_LOC_STRINGS = NO;
				SWIFT_UPCOMING_FEATURE_MEMBER_IMPORT_VISIBILITY = YES;
				SWIFT_VERSION = 5.0;
				TARGETED_DEVICE_FAMILY = "1,2";
				TEST_HOST = "$(BUILT_PRODUCTS_DIR)/InvoiceAmericano.app/$(BUNDLE_EXECUTABLE_FOLDER_PATH)/InvoiceAmericano";
			};
			name = Release;
		};
		FDF136F32E7B471A002832BF /* Debug */ = {
			isa = XCBuildConfiguration;
			buildSettings = {
				CODE_SIGN_STYLE = Automatic;
				CURRENT_PROJECT_VERSION = 1;
				DEVELOPMENT_TEAM = Z35YVHVWJ4;
				GENERATE_INFOPLIST_FILE = YES;
				MARKETING_VERSION = 1.0;
				PRODUCT_BUNDLE_IDENTIFIER = com.resynctech.InvoiceAmericanoUITests;
				PRODUCT_NAME = "$(TARGET_NAME)";
				STRING_CATALOG_GENERATE_SYMBOLS = NO;
				SWIFT_APPROACHABLE_CONCURRENCY = YES;
				SWIFT_EMIT_LOC_STRINGS = NO;
				SWIFT_UPCOMING_FEATURE_MEMBER_IMPORT_VISIBILITY = YES;
				SWIFT_VERSION = 5.0;
				TARGETED_DEVICE_FAMILY = "1,2";
				TEST_TARGET_NAME = InvoiceAmericano;
			};
			name = Debug;
		};
		FDF136F42E7B471A002832BF /* Release */ = {
			isa = XCBuildConfiguration;
			buildSettings = {
				CODE_SIGN_STYLE = Automatic;
				CURRENT_PROJECT_VERSION = 1;
				DEVELOPMENT_TEAM = Z35YVHVWJ4;
				GENERATE_INFOPLIST_FILE = YES;
				MARKETING_VERSION = 1.0;
				PRODUCT_BUNDLE_IDENTIFIER = com.resynctech.InvoiceAmericanoUITests;
				PRODUCT_NAME = "$(TARGET_NAME)";
				STRING_CATALOG_GENERATE_SYMBOLS = NO;
				SWIFT_APPROACHABLE_CONCURRENCY = YES;
				SWIFT_EMIT_LOC_STRINGS = NO;
				SWIFT_UPCOMING_FEATURE_MEMBER_IMPORT_VISIBILITY = YES;
				SWIFT_VERSION = 5.0;
				TARGETED_DEVICE_FAMILY = "1,2";
				TEST_TARGET_NAME = InvoiceAmericano;
			};
			name = Release;
		};
/* End XCBuildConfiguration section */

/* Begin XCConfigurationList section */
		FDF136C62E7B4718002832BF /* Build configuration list for PBXProject "InvoiceAmericano" */ = {
			isa = XCConfigurationList;
			buildConfigurations = (
				FDF136EA2E7B471A002832BF /* Debug */,
				FDF136EB2E7B471A002832BF /* Release */,
			);
			defaultConfigurationIsVisible = 0;
			defaultConfigurationName = Release;
		};
		FDF136EC2E7B471A002832BF /* Build configuration list for PBXNativeTarget "InvoiceAmericano" */ = {
			isa = XCConfigurationList;
			buildConfigurations = (
				FDF136ED2E7B471A002832BF /* Debug */,
				FDF136EE2E7B471A002832BF /* Release */,
			);
			defaultConfigurationIsVisible = 0;
			defaultConfigurationName = Release;
		};
		FDF136EF2E7B471A002832BF /* Build configuration list for PBXNativeTarget "InvoiceAmericanoTests" */ = {
			isa = XCConfigurationList;
			buildConfigurations = (
				FDF136F02E7B471A002832BF /* Debug */,
				FDF136F12E7B471A002832BF /* Release */,
			);
			defaultConfigurationIsVisible = 0;
			defaultConfigurationName = Release;
		};
		FDF136F22E7B471A002832BF /* Build configuration list for PBXNativeTarget "InvoiceAmericanoUITests" */ = {
			isa = XCConfigurationList;
			buildConfigurations = (
				FDF136F32E7B471A002832BF /* Debug */,
				FDF136F42E7B471A002832BF /* Release */,
			);
			defaultConfigurationIsVisible = 0;
			defaultConfigurationName = Release;
		};
/* End XCConfigurationList section */

/* Begin XCRemoteSwiftPackageReference section */
		FDF136F52E7B4849002832BF /* XCRemoteSwiftPackageReference "supabase-swift" */ = {
			isa = XCRemoteSwiftPackageReference;
			repositoryURL = "https://github.com/supabase/supabase-swift";
			requirement = {
				kind = upToNextMajorVersion;
				minimumVersion = 2.5.1;
			};
		};
/* End XCRemoteSwiftPackageReference section */

/* Begin XCSwiftPackageProductDependency section */
		FDEFDDC42E7B53E700EDEDAE /* Auth */ = {
			isa = XCSwiftPackageProductDependency;
			package = FDF136F52E7B4849002832BF /* XCRemoteSwiftPackageReference "supabase-swift" */;
			productName = Auth;
		};
		FDEFDDC62E7BD68E00EDEDAE /* Supabase */ = {
			isa = XCSwiftPackageProductDependency;
			package = FDF136F52E7B4849002832BF /* XCRemoteSwiftPackageReference "supabase-swift" */;
			productName = Supabase;
		};
		FDF136F62E7B4849002832BF /* Auth */ = {
			isa = XCSwiftPackageProductDependency;
			package = FDF136F52E7B4849002832BF /* XCRemoteSwiftPackageReference "supabase-swift" */;
			productName = Auth;
		};
		FDF136F82E7B4849002832BF /* Functions */ = {
			isa = XCSwiftPackageProductDependency;
			package = FDF136F52E7B4849002832BF /* XCRemoteSwiftPackageReference "supabase-swift" */;
			productName = Functions;
		};
		FDF136FA2E7B4849002832BF /* PostgREST */ = {
			isa = XCSwiftPackageProductDependency;
			package = FDF136F52E7B4849002832BF /* XCRemoteSwiftPackageReference "supabase-swift" */;
			productName = PostgREST;
		};
		FDF136FC2E7B4849002832BF /* Realtime */ = {
			isa = XCSwiftPackageProductDependency;
			package = FDF136F52E7B4849002832BF /* XCRemoteSwiftPackageReference "supabase-swift" */;
			productName = Realtime;
		};
		FDF136FE2E7B4849002832BF /* Storage */ = {
			isa = XCSwiftPackageProductDependency;
			package = FDF136F52E7B4849002832BF /* XCRemoteSwiftPackageReference "supabase-swift" */;
			productName = Storage;
		};
/* End XCSwiftPackageProductDependency section */
	};
	rootObject = FDF136C32E7B4718002832BF /* Project object */;
}
